<?xml version="1.0" encoding="utf-8"?>
<Project ToolsVersion="4.0" xmlns="http://schemas.microsoft.com/developer/msbuild/2003">
  <ItemGroup>
    <Filter Include="Source Files">
      <UniqueIdentifier>{4FC737F1-C7A5-4376-A066-2A32D752A2FF}</UniqueIdentifier>
      <Extensions>cpp;c;cc;cxx;def;odl;idl;hpj;bat;asm;asmx</Extensions>
    </Filter>
    <Filter Include="Header Files">
      <UniqueIdentifier>{93995380-89BD-4b04-88EB-625FBE52EBFB}</UniqueIdentifier>
      <Extensions>h;hh;hpp;hxx;hm;inl;inc;xsd</Extensions>
    </Filter>
    <Filter Include="Resource Files">
      <UniqueIdentifier>{67DA6AB6-F800-4c08-8B7A-83BB121AAD01}</UniqueIdentifier>
      <Extensions>rc;ico;cur;bmp;dlg;rc2;rct;bin;rgs;gif;jpg;jpeg;jpe;resx;tiff;tif;png;wav;mfcribbon-ms</Extensions>
    </Filter>
  </ItemGroup>
  <ItemGroup>
    <ClCompile Include="LCD2004_STM32_SSD1311_INA2023_03_03_01.ino" />
    <ClCompile Include="AbstractModule.cpp">
      <Filter>Source Files</Filter>
    </ClCompile>
    <ClCompile Include="AbstractModule.h">
      <Filter>Header Files</Filter>
    </ClCompile>
    <ClCompile Include="AT24CX.cpp">
      <Filter>Source Files</Filter>
    </ClCompile>
    <ClCompile Include="AT24CX.h">
      <Filter>Header Files</Filter>
    </ClCompile>
    <ClCompile Include="Configuration_STM32.h">
      <Filter>Header Files</Filter>
    </ClCompile>
    <ClCompile Include="CoreButton.cpp">
      <Filter>Source Files</Filter>
    </ClCompile>
    <ClCompile Include="CoreButton.h">
      <Filter>Header Files</Filter>
    </ClCompile>
    <ClCompile Include="CoreCommandBuffer.cpp">
      <Filter>Source Files</Filter>
    </ClCompile>
    <ClCompile Include="CoreCommandBuffer.h">
      <Filter>Header Files</Filter>
    </ClCompile>
    <ClCompile Include="LCDMenu.cpp">
      <Filter>Source Files</Filter>
    </ClCompile>
    <ClCompile Include="LCDMenu.h">
      <Filter>Header Files</Filter>
    </ClCompile>
    <ClCompile Include="LCDModule.cpp">
      <Filter>Source Files</Filter>
    </ClCompile>
    <ClCompile Include="LCDModule.h">
      <Filter>Header Files</Filter>
    </ClCompile>
    <ClCompile Include="Memory.cpp">
      <Filter>Source Files</Filter>
    </ClCompile>
    <ClCompile Include="Memory.h">
      <Filter>Header Files</Filter>
    </ClCompile>
    <ClCompile Include="Settings.cpp">
      <Filter>Source Files</Filter>
    </ClCompile>
    <ClCompile Include="Settings.h">
      <Filter>Header Files</Filter>
    </ClCompile>
    <ClCompile Include="TinyVector.h">
      <Filter>Header Files</Filter>
    </ClCompile>
  </ItemGroup>
  <ItemGroup>
    <ClInclude Include="__vm\.LCD2004_STM32_SSD1311_INA2023_03_03_01.vsarduino.h">
      <Filter>Header Files</Filter>
    </ClInclude>
  </ItemGroup>
</Project>