
Microsoft Visual Studio Solution File, Format Version 12.00
# Visual Studio Version 16
VisualStudioVersion = 16.0.36107.64
MinimumVisualStudioVersion = 10.0.40219.1
Project("{8BC9CEB8-8B4A-11D0-8D11-00A0C91BC942}") = "LCD2004_STM32_SSD1311_INA2023_03_03_01", "LCD2004_STM32_SSD1311_INA2023_03_03_01.vcxproj", "{A56F530C-D815-4B8C-B8B6-386DFAB3C18D}"
EndProject
Global
	GlobalSection(SolutionConfigurationPlatforms) = preSolution
		Debug|ARM = Debug|ARM
		Debug|ARM64 = Debug|ARM64
		Release|ARM = Release|ARM
		Release|ARM64 = Release|ARM64
	EndGlobalSection
	GlobalSection(ProjectConfigurationPlatforms) = postSolution
		{A56F530C-D815-4B8C-B8B6-386DFAB3C18D}.Debug|ARM.ActiveCfg = Debug|ARM
		{A56F530C-D815-4B8C-B8B6-386DFAB3C18D}.Debug|ARM.Build.0 = Debug|ARM
		{A56F530C-D815-4B8C-B8B6-386DFAB3C18D}.Debug|ARM.Deploy.0 = Debug|ARM
		{A56F530C-D815-4B8C-B8B6-386DFAB3C18D}.Debug|ARM64.ActiveCfg = Debug|ARM64
		{A56F530C-D815-4B8C-B8B6-386DFAB3C18D}.Debug|ARM64.Build.0 = Debug|ARM64
		{A56F530C-D815-4B8C-B8B6-386DFAB3C18D}.Debug|ARM64.Deploy.0 = Debug|ARM64
		{A56F530C-D815-4B8C-B8B6-386DFAB3C18D}.Release|ARM.ActiveCfg = Release|ARM
		{A56F530C-D815-4B8C-B8B6-386DFAB3C18D}.Release|ARM.Build.0 = Release|ARM
		{A56F530C-D815-4B8C-B8B6-386DFAB3C18D}.Release|ARM.Deploy.0 = Release|ARM
		{A56F530C-D815-4B8C-B8B6-386DFAB3C18D}.Release|ARM64.ActiveCfg = Release|ARM64
		{A56F530C-D815-4B8C-B8B6-386DFAB3C18D}.Release|ARM64.Build.0 = Release|ARM64
		{A56F530C-D815-4B8C-B8B6-386DFAB3C18D}.Release|ARM64.Deploy.0 = Release|ARM64
	EndGlobalSection
	GlobalSection(SolutionProperties) = preSolution
		HideSolutionNode = FALSE
	EndGlobalSection
	GlobalSection(ExtensibilityGlobals) = postSolution
		SolutionGuid = {30968C48-63A0-4233-8091-8DA03BDA3452}
	EndGlobalSection
EndGlobal
